
Microsoft Visual Studio Solution File, Format Version 12.00
# Visual Studio 15
VisualStudioVersion = 15.0.27130.2027
MinimumVisualStudioVersion = 10.0.40219.1
Project("{FAE04EC0-301F-11D3-BF4B-00C04F79EFBC}") = "DadosBicicleta", "DadosBicicleta\DadosBicicleta.csproj", "{34567DF2-1291-467D-9D1A-B0510595FF18}"
EndProject
Project("{FAE04EC0-301F-11D3-BF4B-00C04F79EFBC}") = "Bicicleta", "Bicicleta\Bicicleta.csproj", "{436F35B5-38E3-4109-8E3A-FEF594874C6A}"
EndProject
Global
	GlobalSection(SolutionConfigurationPlatforms) = preSolution
		Debug|Any CPU = Debug|Any CPU
		Release|Any CPU = Release|Any CPU
	EndGlobalSection
	GlobalSection(ProjectConfigurationPlatforms) = postSolution
		{34567DF2-1291-467D-9D1A-B0510595FF18}.Debug|Any CPU.ActiveCfg = Debug|Any CPU
		{34567DF2-1291-467D-9D1A-B0510595FF18}.Debug|Any CPU.Build.0 = Debug|Any CPU
		{34567DF2-1291-467D-9D1A-B0510595FF18}.Release|Any CPU.ActiveCfg = Release|Any CPU
		{34567DF2-1291-467D-9D1A-B0510595FF18}.Release|Any CPU.Build.0 = Release|Any CPU
		{436F35B5-38E3-4109-8E3A-FEF594874C6A}.Debug|Any CPU.ActiveCfg = Debug|Any CPU
		{436F35B5-38E3-4109-8E3A-FEF594874C6A}.Debug|Any CPU.Build.0 = Debug|Any CPU
		{436F35B5-38E3-4109-8E3A-FEF594874C6A}.Release|Any CPU.ActiveCfg = Release|Any CPU
		{436F35B5-38E3-4109-8E3A-FEF594874C6A}.Release|Any CPU.Build.0 = Release|Any CPU
	EndGlobalSection
	GlobalSection(SolutionProperties) = preSolution
		HideSolutionNode = FALSE
	EndGlobalSection
	GlobalSection(ExtensibilityGlobals) = postSolution
		SolutionGuid = {8F9BDCA5-8558-4FEC-BDFF-7EA92BAE402B}
	EndGlobalSection
EndGlobal
